
Microsoft Visual Studio Solution File, Format Version 12.00
# Visual Studio Version 17
VisualStudioVersion = 17.4.33122.133
MinimumVisualStudioVersion = 15.0.26124.0
Project("{9A19103F-16F7-4668-BE54-9A1E7A4F7556}") = "Max.Api", "Max.Api\Max.Api.csproj", "{A3B304B6-062B-4841-8BA9-9E17AEA48FB8}"
EndProject
Project("{9A19103F-16F7-4668-BE54-9A1E7A4F7556}") = "Max.Core", "Max.Core\Max.Core.csproj", "{A6232A19-DC83-4C08-866C-C44456C7F6AF}"
EndProject
Project("{9A19103F-16F7-4668-BE54-9A1E7A4F7556}") = "Max.Data", "Max.Data\Max.Data.csproj", "{3F01A64B-61E2-4CAE-899A-323E7DAAE035}"
EndProject
Project("{9A19103F-16F7-4668-BE54-9A1E7A4F7556}") = "Max.Services", "Max.Services\Max.Services.csproj", "{1AAA92F2-EA98-495F-BA06-202FF93ABEDC}"
EndProject
Project("{9A19103F-16F7-4668-BE54-9A1E7A4F7556}") = "Max.Services.Tests", "Max.Services.Tests\Max.Services.Tests.csproj", "{6C97C98F-5606-4D32-81A6-9888D286602E}"
EndProject
Project("{9A19103F-16F7-4668-BE54-9A1E7A4F7556}") = "Max.Database", "Max.Database\Max.Database.csproj", "{B26F87F6-E306-469F-8A38-F5BB6A7E7317}"
EndProject
Project("{9A19103F-16F7-4668-BE54-9A1E7A4F7556}") = "AuthorizeNetCore", "AuthorizeNetCore\AuthorizeNetCore.csproj", "{37A5AEAC-153A-490F-AA8B-A7590F26584A}"
EndProject
Project("{9A19103F-16F7-4668-BE54-9A1E7A4F7556}") = "Max.Billing", "Max.Billing\Max.Billing.csproj", "{1E021425-36B4-4F50-9452-29BABA0DB6DC}"
EndProject
Project("{9A19103F-16F7-4668-BE54-9A1E7A4F7556}") = "Max.Import", "Max.Import\Max.Import.csproj", "{7CA79902-A6A3-451A-BDF1-99A68F5E9CCA}"
EndProject
Global
	GlobalSection(SolutionConfigurationPlatforms) = preSolution
		Debug|Any CPU = Debug|Any CPU
		Debug|x64 = Debug|x64
		Debug|x86 = Debug|x86
		Release|Any CPU = Release|Any CPU
		Release|x64 = Release|x64
		Release|x86 = Release|x86
	EndGlobalSection
	GlobalSection(ProjectConfigurationPlatforms) = postSolution
		{A3B304B6-062B-4841-8BA9-9E17AEA48FB8}.Debug|Any CPU.ActiveCfg = Debug|Any CPU
		{A3B304B6-062B-4841-8BA9-9E17AEA48FB8}.Debug|Any CPU.Build.0 = Debug|Any CPU
		{A3B304B6-062B-4841-8BA9-9E17AEA48FB8}.Debug|x64.ActiveCfg = Debug|Any CPU
		{A3B304B6-062B-4841-8BA9-9E17AEA48FB8}.Debug|x64.Build.0 = Debug|Any CPU
		{A3B304B6-062B-4841-8BA9-9E17AEA48FB8}.Debug|x86.ActiveCfg = Debug|Any CPU
		{A3B304B6-062B-4841-8BA9-9E17AEA48FB8}.Debug|x86.Build.0 = Debug|Any CPU
		{A3B304B6-062B-4841-8BA9-9E17AEA48FB8}.Release|Any CPU.ActiveCfg = Release|Any CPU
		{A3B304B6-062B-4841-8BA9-9E17AEA48FB8}.Release|Any CPU.Build.0 = Release|Any CPU
		{A3B304B6-062B-4841-8BA9-9E17AEA48FB8}.Release|x64.ActiveCfg = Release|Any CPU
		{A3B304B6-062B-4841-8BA9-9E17AEA48FB8}.Release|x64.Build.0 = Release|Any CPU
		{A3B304B6-062B-4841-8BA9-9E17AEA48FB8}.Release|x86.ActiveCfg = Release|Any CPU
		{A3B304B6-062B-4841-8BA9-9E17AEA48FB8}.Release|x86.Build.0 = Release|Any CPU
		{A6232A19-DC83-4C08-866C-C44456C7F6AF}.Debug|Any CPU.ActiveCfg = Debug|Any CPU
		{A6232A19-DC83-4C08-866C-C44456C7F6AF}.Debug|Any CPU.Build.0 = Debug|Any CPU
		{A6232A19-DC83-4C08-866C-C44456C7F6AF}.Debug|x64.ActiveCfg = Debug|Any CPU
		{A6232A19-DC83-4C08-866C-C44456C7F6AF}.Debug|x64.Build.0 = Debug|Any CPU
		{A6232A19-DC83-4C08-866C-C44456C7F6AF}.Debug|x86.ActiveCfg = Debug|Any CPU
		{A6232A19-DC83-4C08-866C-C44456C7F6AF}.Debug|x86.Build.0 = Debug|Any CPU
		{A6232A19-DC83-4C08-866C-C44456C7F6AF}.Release|Any CPU.ActiveCfg = Release|Any CPU
		{A6232A19-DC83-4C08-866C-C44456C7F6AF}.Release|Any CPU.Build.0 = Release|Any CPU
		{A6232A19-DC83-4C08-866C-C44456C7F6AF}.Release|x64.ActiveCfg = Release|Any CPU
		{A6232A19-DC83-4C08-866C-C44456C7F6AF}.Release|x64.Build.0 = Release|Any CPU
		{A6232A19-DC83-4C08-866C-C44456C7F6AF}.Release|x86.ActiveCfg = Release|Any CPU
		{A6232A19-DC83-4C08-866C-C44456C7F6AF}.Release|x86.Build.0 = Release|Any CPU
		{3F01A64B-61E2-4CAE-899A-323E7DAAE035}.Debug|Any CPU.ActiveCfg = Debug|Any CPU
		{3F01A64B-61E2-4CAE-899A-323E7DAAE035}.Debug|Any CPU.Build.0 = Debug|Any CPU
		{3F01A64B-61E2-4CAE-899A-323E7DAAE035}.Debug|x64.ActiveCfg = Debug|Any CPU
		{3F01A64B-61E2-4CAE-899A-323E7DAAE035}.Debug|x64.Build.0 = Debug|Any CPU
		{3F01A64B-61E2-4CAE-899A-323E7DAAE035}.Debug|x86.ActiveCfg = Debug|Any CPU
		{3F01A64B-61E2-4CAE-899A-323E7DAAE035}.Debug|x86.Build.0 = Debug|Any CPU
		{3F01A64B-61E2-4CAE-899A-323E7DAAE035}.Release|Any CPU.ActiveCfg = Release|Any CPU
		{3F01A64B-61E2-4CAE-899A-323E7DAAE035}.Release|Any CPU.Build.0 = Release|Any CPU
		{3F01A64B-61E2-4CAE-899A-323E7DAAE035}.Release|x64.ActiveCfg = Release|Any CPU
		{3F01A64B-61E2-4CAE-899A-323E7DAAE035}.Release|x64.Build.0 = Release|Any CPU
		{3F01A64B-61E2-4CAE-899A-323E7DAAE035}.Release|x86.ActiveCfg = Release|Any CPU
		{3F01A64B-61E2-4CAE-899A-323E7DAAE035}.Release|x86.Build.0 = Release|Any CPU
		{1AAA92F2-EA98-495F-BA06-202FF93ABEDC}.Debug|Any CPU.ActiveCfg = Debug|Any CPU
		{1AAA92F2-EA98-495F-BA06-202FF93ABEDC}.Debug|Any CPU.Build.0 = Debug|Any CPU
		{1AAA92F2-EA98-495F-BA06-202FF93ABEDC}.Debug|x64.ActiveCfg = Debug|Any CPU
		{1AAA92F2-EA98-495F-BA06-202FF93ABEDC}.Debug|x64.Build.0 = Debug|Any CPU
		{1AAA92F2-EA98-495F-BA06-202FF93ABEDC}.Debug|x86.ActiveCfg = Debug|Any CPU
		{1AAA92F2-EA98-495F-BA06-202FF93ABEDC}.Debug|x86.Build.0 = Debug|Any CPU
		{1AAA92F2-EA98-495F-BA06-202FF93ABEDC}.Release|Any CPU.ActiveCfg = Release|Any CPU
		{1AAA92F2-EA98-495F-BA06-202FF93ABEDC}.Release|Any CPU.Build.0 = Release|Any CPU
		{1AAA92F2-EA98-495F-BA06-202FF93ABEDC}.Release|x64.ActiveCfg = Release|Any CPU
		{1AAA92F2-EA98-495F-BA06-202FF93ABEDC}.Release|x64.Build.0 = Release|Any CPU
		{1AAA92F2-EA98-495F-BA06-202FF93ABEDC}.Release|x86.ActiveCfg = Release|Any CPU
		{1AAA92F2-EA98-495F-BA06-202FF93ABEDC}.Release|x86.Build.0 = Release|Any CPU
		{6C97C98F-5606-4D32-81A6-9888D286602E}.Debug|Any CPU.ActiveCfg = Debug|Any CPU
		{6C97C98F-5606-4D32-81A6-9888D286602E}.Debug|Any CPU.Build.0 = Debug|Any CPU
		{6C97C98F-5606-4D32-81A6-9888D286602E}.Debug|x64.ActiveCfg = Debug|Any CPU
		{6C97C98F-5606-4D32-81A6-9888D286602E}.Debug|x64.Build.0 = Debug|Any CPU
		{6C97C98F-5606-4D32-81A6-9888D286602E}.Debug|x86.ActiveCfg = Debug|Any CPU
		{6C97C98F-5606-4D32-81A6-9888D286602E}.Debug|x86.Build.0 = Debug|Any CPU
		{6C97C98F-5606-4D32-81A6-9888D286602E}.Release|Any CPU.ActiveCfg = Release|Any CPU
		{6C97C98F-5606-4D32-81A6-9888D286602E}.Release|Any CPU.Build.0 = Release|Any CPU
		{6C97C98F-5606-4D32-81A6-9888D286602E}.Release|x64.ActiveCfg = Release|Any CPU
		{6C97C98F-5606-4D32-81A6-9888D286602E}.Release|x64.Build.0 = Release|Any CPU
		{6C97C98F-5606-4D32-81A6-9888D286602E}.Release|x86.ActiveCfg = Release|Any CPU
		{6C97C98F-5606-4D32-81A6-9888D286602E}.Release|x86.Build.0 = Release|Any CPU
		{B26F87F6-E306-469F-8A38-F5BB6A7E7317}.Debug|Any CPU.ActiveCfg = Debug|Any CPU
		{B26F87F6-E306-469F-8A38-F5BB6A7E7317}.Debug|Any CPU.Build.0 = Debug|Any CPU
		{B26F87F6-E306-469F-8A38-F5BB6A7E7317}.Debug|x64.ActiveCfg = Debug|Any CPU
		{B26F87F6-E306-469F-8A38-F5BB6A7E7317}.Debug|x64.Build.0 = Debug|Any CPU
		{B26F87F6-E306-469F-8A38-F5BB6A7E7317}.Debug|x86.ActiveCfg = Debug|Any CPU
		{B26F87F6-E306-469F-8A38-F5BB6A7E7317}.Debug|x86.Build.0 = Debug|Any CPU
		{B26F87F6-E306-469F-8A38-F5BB6A7E7317}.Release|Any CPU.ActiveCfg = Release|Any CPU
		{B26F87F6-E306-469F-8A38-F5BB6A7E7317}.Release|Any CPU.Build.0 = Release|Any CPU
		{B26F87F6-E306-469F-8A38-F5BB6A7E7317}.Release|x64.ActiveCfg = Release|Any CPU
		{B26F87F6-E306-469F-8A38-F5BB6A7E7317}.Release|x64.Build.0 = Release|Any CPU
		{B26F87F6-E306-469F-8A38-F5BB6A7E7317}.Release|x86.ActiveCfg = Release|Any CPU
		{B26F87F6-E306-469F-8A38-F5BB6A7E7317}.Release|x86.Build.0 = Release|Any CPU
		{37A5AEAC-153A-490F-AA8B-A7590F26584A}.Debug|Any CPU.ActiveCfg = Debug|Any CPU
		{37A5AEAC-153A-490F-AA8B-A7590F26584A}.Debug|Any CPU.Build.0 = Debug|Any CPU
		{37A5AEAC-153A-490F-AA8B-A7590F26584A}.Debug|x64.ActiveCfg = Debug|Any CPU
		{37A5AEAC-153A-490F-AA8B-A7590F26584A}.Debug|x64.Build.0 = Debug|Any CPU
		{37A5AEAC-153A-490F-AA8B-A7590F26584A}.Debug|x86.ActiveCfg = Debug|Any CPU
		{37A5AEAC-153A-490F-AA8B-A7590F26584A}.Debug|x86.Build.0 = Debug|Any CPU
		{37A5AEAC-153A-490F-AA8B-A7590F26584A}.Release|Any CPU.ActiveCfg = Release|Any CPU
		{37A5AEAC-153A-490F-AA8B-A7590F26584A}.Release|Any CPU.Build.0 = Release|Any CPU
		{37A5AEAC-153A-490F-AA8B-A7590F26584A}.Release|x64.ActiveCfg = Release|Any CPU
		{37A5AEAC-153A-490F-AA8B-A7590F26584A}.Release|x64.Build.0 = Release|Any CPU
		{37A5AEAC-153A-490F-AA8B-A7590F26584A}.Release|x86.ActiveCfg = Release|Any CPU
		{37A5AEAC-153A-490F-AA8B-A7590F26584A}.Release|x86.Build.0 = Release|Any CPU
		{1E021425-36B4-4F50-9452-29BABA0DB6DC}.Debug|Any CPU.ActiveCfg = Debug|Any CPU
		{1E021425-36B4-4F50-9452-29BABA0DB6DC}.Debug|Any CPU.Build.0 = Debug|Any CPU
		{1E021425-36B4-4F50-9452-29BABA0DB6DC}.Debug|x64.ActiveCfg = Debug|Any CPU
		{1E021425-36B4-4F50-9452-29BABA0DB6DC}.Debug|x64.Build.0 = Debug|Any CPU
		{1E021425-36B4-4F50-9452-29BABA0DB6DC}.Debug|x86.ActiveCfg = Debug|Any CPU
		{1E021425-36B4-4F50-9452-29BABA0DB6DC}.Debug|x86.Build.0 = Debug|Any CPU
		{1E021425-36B4-4F50-9452-29BABA0DB6DC}.Release|Any CPU.ActiveCfg = Release|Any CPU
		{1E021425-36B4-4F50-9452-29BABA0DB6DC}.Release|Any CPU.Build.0 = Release|Any CPU
		{1E021425-36B4-4F50-9452-29BABA0DB6DC}.Release|x64.ActiveCfg = Release|Any CPU
		{1E021425-36B4-4F50-9452-29BABA0DB6DC}.Release|x64.Build.0 = Release|Any CPU
		{1E021425-36B4-4F50-9452-29BABA0DB6DC}.Release|x86.ActiveCfg = Release|Any CPU
		{1E021425-36B4-4F50-9452-29BABA0DB6DC}.Release|x86.Build.0 = Release|Any CPU
		{7CA79902-A6A3-451A-BDF1-99A68F5E9CCA}.Debug|Any CPU.ActiveCfg = Debug|Any CPU
		{7CA79902-A6A3-451A-BDF1-99A68F5E9CCA}.Debug|Any CPU.Build.0 = Debug|Any CPU
		{7CA79902-A6A3-451A-BDF1-99A68F5E9CCA}.Debug|x64.ActiveCfg = Debug|Any CPU
		{7CA79902-A6A3-451A-BDF1-99A68F5E9CCA}.Debug|x64.Build.0 = Debug|Any CPU
		{7CA79902-A6A3-451A-BDF1-99A68F5E9CCA}.Debug|x86.ActiveCfg = Debug|Any CPU
		{7CA79902-A6A3-451A-BDF1-99A68F5E9CCA}.Debug|x86.Build.0 = Debug|Any CPU
		{7CA79902-A6A3-451A-BDF1-99A68F5E9CCA}.Release|Any CPU.ActiveCfg = Release|Any CPU
		{7CA79902-A6A3-451A-BDF1-99A68F5E9CCA}.Release|Any CPU.Build.0 = Release|Any CPU
		{7CA79902-A6A3-451A-BDF1-99A68F5E9CCA}.Release|x64.ActiveCfg = Release|Any CPU
		{7CA79902-A6A3-451A-BDF1-99A68F5E9CCA}.Release|x64.Build.0 = Release|Any CPU
		{7CA79902-A6A3-451A-BDF1-99A68F5E9CCA}.Release|x86.ActiveCfg = Release|Any CPU
		{7CA79902-A6A3-451A-BDF1-99A68F5E9CCA}.Release|x86.Build.0 = Release|Any CPU
	EndGlobalSection
	GlobalSection(SolutionProperties) = preSolution
		HideSolutionNode = FALSE
	EndGlobalSection
	GlobalSection(ExtensibilityGlobals) = postSolution
		SolutionGuid = {DC794DD3-B855-47D5-A3F1-6B02605C0CBA}
	EndGlobalSection
EndGlobal
